
Microsoft Visual Studio Solution File, Format Version 12.00
# Visual Studio Version 16
VisualStudioVersion = 16.0.30128.74
MinimumVisualStudioVersion = 10.0.40219.1
Project("{9A19103F-16F7-4668-BE54-9A1E7A4F7556}") = "GftTechnicalTestApplication", "src\GftTechnicalTestApplication\GftTechnicalTestApplication.csproj", "{87EA93B1-9E4E-4460-A233-08A3A1595E32}"
EndProject
Project("{2150E333-8FDC-42A3-9474-1A3956D46DE8}") = "src", "src", "{52989AB0-9205-4837-8E50-89B5473BF92C}"
EndProject
Project("{2150E333-8FDC-42A3-9474-1A3956D46DE8}") = "tests", "tests", "{D2EBD4EE-9295-478E-9B18-0B8C74018AFD}"
EndProject
Global
	GlobalSection(SolutionConfigurationPlatforms) = preSolution
		Debug|Any CPU = Debug|Any CPU
		Release|Any CPU = Release|Any CPU
	EndGlobalSection
	GlobalSection(ProjectConfigurationPlatforms) = postSolution
		{87EA93B1-9E4E-4460-A233-08A3A1595E32}.Debug|Any CPU.ActiveCfg = Debug|Any CPU
		{87EA93B1-9E4E-4460-A233-08A3A1595E32}.Debug|Any CPU.Build.0 = Debug|Any CPU
		{87EA93B1-9E4E-4460-A233-08A3A1595E32}.Release|Any CPU.ActiveCfg = Release|Any CPU
		{87EA93B1-9E4E-4460-A233-08A3A1595E32}.Release|Any CPU.Build.0 = Release|Any CPU
	EndGlobalSection
	GlobalSection(SolutionProperties) = preSolution
		HideSolutionNode = FALSE
	EndGlobalSection
	GlobalSection(NestedProjects) = preSolution
		{87EA93B1-9E4E-4460-A233-08A3A1595E32} = {52989AB0-9205-4837-8E50-89B5473BF92C}
	EndGlobalSection
	GlobalSection(ExtensibilityGlobals) = postSolution
		SolutionGuid = {94495D10-F1D5-4214-B8A8-FA4EB6EFEC6E}
	EndGlobalSection
EndGlobal
